
Microsoft Visual Studio Solution File, Format Version 12.00
# Visual Studio Version 17
VisualStudioVersion = 17.0.32014.148
MinimumVisualStudioVersion = 10.0.40219.1
Project("{9A19103F-16F7-4668-BE54-9A1E7A4F7556}") = "TetrisCS", "TetrisCS.csproj", "{DE879E91-005D-4A50-9821-B4F8E808947A}"
EndProject
Global
	GlobalSection(SolutionConfigurationPlatforms) = preSolution
		Debug|Any CPU = Debug|Any CPU
		Release|Any CPU = Release|Any CPU
	EndGlobalSection
	GlobalSection(ProjectConfigurationPlatforms) = postSolution
		{DE879E91-005D-4A50-9821-B4F8E808947A}.Debug|Any CPU.ActiveCfg = Debug|Any CPU
		{DE879E91-005D-4A50-9821-B4F8E808947A}.Debug|Any CPU.Build.0 = Debug|Any CPU
		{DE879E91-005D-4A50-9821-B4F8E808947A}.Release|Any CPU.ActiveCfg = Release|Any CPU
		{DE879E91-005D-4A50-9821-B4F8E808947A}.Release|Any CPU.Build.0 = Release|Any CPU
	EndGlobalSection
	GlobalSection(SolutionProperties) = preSolution
		HideSolutionNode = FALSE
	EndGlobalSection
	GlobalSection(ExtensibilityGlobals) = postSolution
		SolutionGuid = {BC69E25F-622A-4A62-AE26-01993FE41547}
	EndGlobalSection
EndGlobal
